
Microsoft Visual Studio Solution File, Format Version 12.00
# Visual Studio Version 17
VisualStudioVersion = 17.13.35931.197
MinimumVisualStudioVersion = 10.0.40219.1
Project("{FAE04EC0-301F-11D3-BF4B-00C04F79EFBC}") = "cyberBotv2", "cyberBotv2\cyberBotv2.csproj", "{16A310E4-1F04-4E19-B646-70B2840C8DC7}"
EndProject
Project("{FAE04EC0-301F-11D3-BF4B-00C04F79EFBC}") = "chatBotUI", "chatBotUI\chatBotUI.csproj", "{A61AFA92-4992-45E5-8125-F29300DD5FED}"
EndProject
Project("{FAE04EC0-301F-11D3-BF4B-00C04F79EFBC}") = "chatBotLib", "chatBotLib\chatBotLib.csproj", "{DC095E88-9330-4C4C-B3F2-9764514835BF}"
EndProject
Global
	GlobalSection(SolutionConfigurationPlatforms) = preSolution
		Debug|Any CPU = Debug|Any CPU
		Release|Any CPU = Release|Any CPU
	EndGlobalSection
	GlobalSection(ProjectConfigurationPlatforms) = postSolution
		{16A310E4-1F04-4E19-B646-70B2840C8DC7}.Debug|Any CPU.ActiveCfg = Debug|Any CPU
		{16A310E4-1F04-4E19-B646-70B2840C8DC7}.Debug|Any CPU.Build.0 = Debug|Any CPU
		{16A310E4-1F04-4E19-B646-70B2840C8DC7}.Release|Any CPU.ActiveCfg = Release|Any CPU
		{16A310E4-1F04-4E19-B646-70B2840C8DC7}.Release|Any CPU.Build.0 = Release|Any CPU
		{A61AFA92-4992-45E5-8125-F29300DD5FED}.Debug|Any CPU.ActiveCfg = Debug|Any CPU
		{A61AFA92-4992-45E5-8125-F29300DD5FED}.Debug|Any CPU.Build.0 = Debug|Any CPU
		{A61AFA92-4992-45E5-8125-F29300DD5FED}.Release|Any CPU.ActiveCfg = Release|Any CPU
		{A61AFA92-4992-45E5-8125-F29300DD5FED}.Release|Any CPU.Build.0 = Release|Any CPU
		{DC095E88-9330-4C4C-B3F2-9764514835BF}.Debug|Any CPU.ActiveCfg = Debug|Any CPU
		{DC095E88-9330-4C4C-B3F2-9764514835BF}.Debug|Any CPU.Build.0 = Debug|Any CPU
		{DC095E88-9330-4C4C-B3F2-9764514835BF}.Release|Any CPU.ActiveCfg = Release|Any CPU
		{DC095E88-9330-4C4C-B3F2-9764514835BF}.Release|Any CPU.Build.0 = Release|Any CPU
	EndGlobalSection
	GlobalSection(SolutionProperties) = preSolution
		HideSolutionNode = FALSE
	EndGlobalSection
	GlobalSection(ExtensibilityGlobals) = postSolution
		SolutionGuid = {B3420800-C340-45CC-B3A9-F991899312CD}
	EndGlobalSection
EndGlobal
